
Microsoft Visual Studio Solution File, Format Version 12.00
# Visual Studio 15
VisualStudioVersion = 15.0.28010.2016
MinimumVisualStudioVersion = 10.0.40219.1
Project("{FAE04EC0-301F-11D3-BF4B-00C04F79EFBC}") = "QueryWorkitemsUsingTFSApi", "ConsoleApp1\QueryWorkitemsUsingTFSApi.csproj", "{06C226D8-DDAC-464B-A4B2-957688167977}"
EndProject
Global
	GlobalSection(SolutionConfigurationPlatforms) = preSolution
		Debug|Any CPU = Debug|Any CPU
		Release|Any CPU = Release|Any CPU
	EndGlobalSection
	GlobalSection(ProjectConfigurationPlatforms) = postSolution
		{06C226D8-DDAC-464B-A4B2-957688167977}.Debug|Any CPU.ActiveCfg = Debug|Any CPU
		{06C226D8-DDAC-464B-A4B2-957688167977}.Debug|Any CPU.Build.0 = Debug|Any CPU
		{06C226D8-DDAC-464B-A4B2-957688167977}.Release|Any CPU.ActiveCfg = Release|Any CPU
		{06C226D8-DDAC-464B-A4B2-957688167977}.Release|Any CPU.Build.0 = Release|Any CPU
	EndGlobalSection
	GlobalSection(SolutionProperties) = preSolution
		HideSolutionNode = FALSE
	EndGlobalSection
	GlobalSection(ExtensibilityGlobals) = postSolution
		SolutionGuid = {3F048A98-2570-43B9-91A1-0EC671E998C2}
	EndGlobalSection
EndGlobal
